
Microsoft Visual Studio Solution File, Format Version 12.00
# Visual Studio Version 16
VisualStudioVersion = 16.0.31112.23
MinimumVisualStudioVersion = 10.0.40219.1
Project("{FAE04EC0-301F-11D3-BF4B-00C04F79EFBC}") = "CalculatorService", "CalculatorService\CalculatorService.csproj", "{CFA32059-15AF-4867-9CC3-C9BED617E707}"
EndProject
Project("{FAE04EC0-301F-11D3-BF4B-00C04F79EFBC}") = "CalculatorClient", "CalculatorClient\CalculatorClient.csproj", "{29FFCBB8-7F63-4660-A106-92DC47407041}"
EndProject
Global
	GlobalSection(SolutionConfigurationPlatforms) = preSolution
		Debug|Any CPU = Debug|Any CPU
		Release|Any CPU = Release|Any CPU
	EndGlobalSection
	GlobalSection(ProjectConfigurationPlatforms) = postSolution
		{CFA32059-15AF-4867-9CC3-C9BED617E707}.Debug|Any CPU.ActiveCfg = Debug|Any CPU
		{CFA32059-15AF-4867-9CC3-C9BED617E707}.Debug|Any CPU.Build.0 = Debug|Any CPU
		{CFA32059-15AF-4867-9CC3-C9BED617E707}.Release|Any CPU.ActiveCfg = Release|Any CPU
		{CFA32059-15AF-4867-9CC3-C9BED617E707}.Release|Any CPU.Build.0 = Release|Any CPU
		{29FFCBB8-7F63-4660-A106-92DC47407041}.Debug|Any CPU.ActiveCfg = Debug|Any CPU
		{29FFCBB8-7F63-4660-A106-92DC47407041}.Debug|Any CPU.Build.0 = Debug|Any CPU
		{29FFCBB8-7F63-4660-A106-92DC47407041}.Release|Any CPU.ActiveCfg = Release|Any CPU
		{29FFCBB8-7F63-4660-A106-92DC47407041}.Release|Any CPU.Build.0 = Release|Any CPU
	EndGlobalSection
	GlobalSection(SolutionProperties) = preSolution
		HideSolutionNode = FALSE
	EndGlobalSection
	GlobalSection(ExtensibilityGlobals) = postSolution
		SolutionGuid = {8ED63AC0-83EB-46E4-9B32-18200CC0B8D5}
	EndGlobalSection
EndGlobal
